
Microsoft Visual Studio Solution File, Format Version 12.00
# Visual Studio Version 17
VisualStudioVersion = 17.3.32922.545
MinimumVisualStudioVersion = 10.0.40219.1
Project("{FAE04EC0-301F-11D3-BF4B-00C04F79EFBC}") = "Connect4", "Connect4\Connect4.csproj", "{9B32B1F2-F1A3-4760-8A89-6EE30602AFCB}"
EndProject
Global
	GlobalSection(SolutionConfigurationPlatforms) = preSolution
		Debug|Any CPU = Debug|Any CPU
		Release|Any CPU = Release|Any CPU
	EndGlobalSection
	GlobalSection(ProjectConfigurationPlatforms) = postSolution
		{9B32B1F2-F1A3-4760-8A89-6EE30602AFCB}.Debug|Any CPU.ActiveCfg = Debug|Any CPU
		{9B32B1F2-F1A3-4760-8A89-6EE30602AFCB}.Debug|Any CPU.Build.0 = Debug|Any CPU
		{9B32B1F2-F1A3-4760-8A89-6EE30602AFCB}.Release|Any CPU.ActiveCfg = Release|Any CPU
		{9B32B1F2-F1A3-4760-8A89-6EE30602AFCB}.Release|Any CPU.Build.0 = Release|Any CPU
	EndGlobalSection
	GlobalSection(SolutionProperties) = preSolution
		HideSolutionNode = FALSE
	EndGlobalSection
	GlobalSection(ExtensibilityGlobals) = postSolution
		SolutionGuid = {B44DDD2C-06BE-46DD-BD47-258D382BA4D8}
	EndGlobalSection
EndGlobal
